
Microsoft Visual Studio Solution File, Format Version 12.00
# Visual Studio Version 16
VisualStudioVersion = 16.0.33328.57
MinimumVisualStudioVersion = 10.0.40219.1
Project("{FAE04EC0-301F-11D3-BF4B-00C04F79EFBC}") = "MVC2023", "MVC2023\MVC2023.csproj", "{BE882E0E-0590-4DAF-9DBE-FB0063042DCE}"
EndProject
Global
	GlobalSection(SolutionConfigurationPlatforms) = preSolution
		Debug|Any CPU = Debug|Any CPU
		Release|Any CPU = Release|Any CPU
	EndGlobalSection
	GlobalSection(ProjectConfigurationPlatforms) = postSolution
		{BE882E0E-0590-4DAF-9DBE-FB0063042DCE}.Debug|Any CPU.ActiveCfg = Debug|Any CPU
		{BE882E0E-0590-4DAF-9DBE-FB0063042DCE}.Debug|Any CPU.Build.0 = Debug|Any CPU
		{BE882E0E-0590-4DAF-9DBE-FB0063042DCE}.Release|Any CPU.ActiveCfg = Release|Any CPU
		{BE882E0E-0590-4DAF-9DBE-FB0063042DCE}.Release|Any CPU.Build.0 = Release|Any CPU
	EndGlobalSection
	GlobalSection(SolutionProperties) = preSolution
		HideSolutionNode = FALSE
	EndGlobalSection
	GlobalSection(ExtensibilityGlobals) = postSolution
		SolutionGuid = {B738E98D-CA5D-4635-ACE1-4E62C5BF524D}
	EndGlobalSection
EndGlobal
